// !$*UTF8*$!
{
	archiveVersion = 1;
	classes = {
	};
	objectVersion = 56;
	objects = {

/* Begin PBXBuildFile section */
		B46CA6A42BACCDD300B1221D /* AppDelegate.swift in Sources */ = {isa = PBXBuildFile; fileRef = B46CA6A32BACCDD300B1221D /* AppDelegate.swift */; };
		B46CA6A62BACCDD300B1221D /* SceneDelegate.swift in Sources */ = {isa = PBXBuildFile; fileRef = B46CA6A52BACCDD300B1221D /* SceneDelegate.swift */; };
		B46CA6A82BACCDD300B1221D /* WeatherViewController.swift in Sources */ = {isa = PBXBuildFile; fileRef = B46CA6A72BACCDD300B1221D /* WeatherViewController.swift */; };
		B46CA6AD2BACCDD500B1221D /* Assets.xcassets in Resources */ = {isa = PBXBuildFile; fileRef = B46CA6AC2BACCDD500B1221D /* Assets.xcassets */; };
		B46CA6B02BACCDD500B1221D /* LaunchScreen.storyboard in Resources */ = {isa = PBXBuildFile; fileRef = B46CA6AE2BACCDD500B1221D /* LaunchScreen.storyboard */; };
		B46CA6C02BACCF4900B1221D /* TabBarController.swift in Sources */ = {isa = PBXBuildFile; fileRef = B46CA6BF2BACCF4900B1221D /* TabBarController.swift */; };
		B46CA6C62BACDF2B00B1221D /* Constants.swift in Sources */ = {isa = PBXBuildFile; fileRef = B46CA6C52BACDF2B00B1221D /* Constants.swift */; };
/* End PBXBuildFile section */

/* Begin PBXFileReference section */
		B46CA6A02BACCDD300B1221D /* WeatherApp.app */ = {isa = PBXFileReference; explicitFileType = wrapper.application; includeInIndex = 0; path = WeatherApp.app; sourceTree = BUILT_PRODUCTS_DIR; };
		B46CA6A32BACCDD300B1221D /* AppDelegate.swift */ = {isa = PBXFileReference; lastKnownFileType = sourcecode.swift; path = AppDelegate.swift; sourceTree = "<group>"; };
		B46CA6A52BACCDD300B1221D /* SceneDelegate.swift */ = {isa = PBXFileReference; lastKnownFileType = sourcecode.swift; path = SceneDelegate.swift; sourceTree = "<group>"; };
		B46CA6A72BACCDD300B1221D /* WeatherViewController.swift */ = {isa = PBXFileReference; lastKnownFileType = sourcecode.swift; path = WeatherViewController.swift; sourceTree = "<group>"; };
		B46CA6AC2BACCDD500B1221D /* Assets.xcassets */ = {isa = PBXFileReference; lastKnownFileType = folder.assetcatalog; path = Assets.xcassets; sourceTree = "<group>"; };
		B46CA6AF2BACCDD500B1221D /* Base */ = {isa = PBXFileReference; lastKnownFileType = file.storyboard; name = Base; path = Base.lproj/LaunchScreen.storyboard; sourceTree = "<group>"; };
		B46CA6B12BACCDD500B1221D /* Info.plist */ = {isa = PBXFileReference; lastKnownFileType = text.plist.xml; path = Info.plist; sourceTree = "<group>"; };
		B46CA6BF2BACCF4900B1221D /* TabBarController.swift */ = {isa = PBXFileReference; lastKnownFileType = sourcecode.swift; path = TabBarController.swift; sourceTree = "<group>"; };
		B46CA6C52BACDF2B00B1221D /* Constants.swift */ = {isa = PBXFileReference; lastKnownFileType = sourcecode.swift; path = Constants.swift; sourceTree = "<group>"; };
/* End PBXFileReference section */

/* Begin PBXFrameworksBuildPhase section */
		B46CA69D2BACCDD300B1221D /* Frameworks */ = {
			isa = PBXFrameworksBuildPhase;
			buildActionMask = 2147483647;
			files = (
			);
			runOnlyForDeploymentPostprocessing = 0;
		};
/* End PBXFrameworksBuildPhase section */

/* Begin PBXGroup section */
		B46CA6972BACCDD300B1221D = {
			isa = PBXGroup;
			children = (
				B46CA6A22BACCDD300B1221D /* WeatherApp */,
				B46CA6A12BACCDD300B1221D /* Products */,
			);
			sourceTree = "<group>";
		};
		B46CA6A12BACCDD300B1221D /* Products */ = {
			isa = PBXGroup;
			children = (
				B46CA6A02BACCDD300B1221D /* WeatherApp.app */,
			);
			name = Products;
			sourceTree = "<group>";
		};
		B46CA6A22BACCDD300B1221D /* WeatherApp */ = {
			isa = PBXGroup;
			children = (
				B46CA6B92BACCE3B00B1221D /* Application */,
				B46CA6BA2BACCE7800B1221D /* Modules */,
				B46CA6B72BACCE1D00B1221D /* Supporting Files */,
				B46CA6BE2BACCEF300B1221D /* TabBar */,
			);
			path = WeatherApp;
			sourceTree = "<group>";
		};
		B46CA6B72BACCE1D00B1221D /* Supporting Files */ = {
			isa = PBXGroup;
			children = (
				B46CA6AC2BACCDD500B1221D /* Assets.xcassets */,
				B46CA6AE2BACCDD500B1221D /* LaunchScreen.storyboard */,
				B46CA6B12BACCDD500B1221D /* Info.plist */,
				B46CA6C52BACDF2B00B1221D /* Constants.swift */,
			);
			path = "Supporting Files";
			sourceTree = "<group>";
		};
		B46CA6B92BACCE3B00B1221D /* Application */ = {
			isa = PBXGroup;
			children = (
				B46CA6A32BACCDD300B1221D /* AppDelegate.swift */,
				B46CA6A52BACCDD300B1221D /* SceneDelegate.swift */,
			);
			path = Application;
			sourceTree = "<group>";
		};
		B46CA6BA2BACCE7800B1221D /* Modules */ = {
			isa = PBXGroup;
			children = (
				B46CA6BD2BACCEDA00B1221D /* DetailWeatherModule */,
				B46CA6BC2BACCECF00B1221D /* MainWeatherModule */,
				B46CA6BB2BACCEC200B1221D /* SearchWeatherModule */,
			);
			path = Modules;
			sourceTree = "<group>";
		};
		B46CA6BB2BACCEC200B1221D /* SearchWeatherModule */ = {
			isa = PBXGroup;
			children = (
			);
			path = SearchWeatherModule;
			sourceTree = "<group>";
		};
		B46CA6BC2BACCECF00B1221D /* MainWeatherModule */ = {
			isa = PBXGroup;
			children = (
				B46CA6C42BACDCF800B1221D /* ViewController */,
			);
			path = MainWeatherModule;
			sourceTree = "<group>";
		};
		B46CA6BD2BACCEDA00B1221D /* DetailWeatherModule */ = {
			isa = PBXGroup;
			children = (
			);
			path = DetailWeatherModule;
			sourceTree = "<group>";
		};
		B46CA6BE2BACCEF300B1221D /* TabBar */ = {
			isa = PBXGroup;
			children = (
				B46CA6BF2BACCF4900B1221D /* TabBarController.swift */,
			);
			path = TabBar;
			sourceTree = "<group>";
		};
		B46CA6C42BACDCF800B1221D /* ViewController */ = {
			isa = PBXGroup;
			children = (
				B46CA6A72BACCDD300B1221D /* WeatherViewController.swift */,
			);
			path = ViewController;
			sourceTree = "<group>";
		};
/* End PBXGroup section */

/* Begin PBXNativeTarget section */
		B46CA69F2BACCDD300B1221D /* WeatherApp */ = {
			isa = PBXNativeTarget;
			buildConfigurationList = B46CA6B42BACCDD500B1221D /* Build configuration list for PBXNativeTarget "WeatherApp" */;
			buildPhases = (
				B46CA69C2BACCDD300B1221D /* Sources */,
				B46CA69D2BACCDD300B1221D /* Frameworks */,
				B46CA69E2BACCDD300B1221D /* Resources */,
			);
			buildRules = (
			);
			dependencies = (
			);
			name = WeatherApp;
			productName = WeatherApp;
			productReference = B46CA6A02BACCDD300B1221D /* WeatherApp.app */;
			productType = "com.apple.product-type.application";
		};
/* End PBXNativeTarget section */

/* Begin PBXProject section */
		B46CA6982BACCDD300B1221D /* Project object */ = {
			isa = PBXProject;
			attributes = {
				BuildIndependentTargetsInParallel = 1;
				LastSwiftUpdateCheck = 1500;
				LastUpgradeCheck = 1500;
				TargetAttributes = {
					B46CA69F2BACCDD300B1221D = {
						CreatedOnToolsVersion = 15.0.1;
					};
				};
			};
			buildConfigurationList = B46CA69B2BACCDD300B1221D /* Build configuration list for PBXProject "WeatherApp" */;
			compatibilityVersion = "Xcode 14.0";
			developmentRegion = en;
			hasScannedForEncodings = 0;
			knownRegions = (
				en,
				Base,
			);
			mainGroup = B46CA6972BACCDD300B1221D;
			productRefGroup = B46CA6A12BACCDD300B1221D /* Products */;
			projectDirPath = "";
			projectRoot = "";
			targets = (
				B46CA69F2BACCDD300B1221D /* WeatherApp */,
			);
		};
/* End PBXProject section */

/* Begin PBXResourcesBuildPhase section */
		B46CA69E2BACCDD300B1221D /* Resources */ = {
			isa = PBXResourcesBuildPhase;
			buildActionMask = 2147483647;
			files = (
				B46CA6B02BACCDD500B1221D /* LaunchScreen.storyboard in Resources */,
				B46CA6AD2BACCDD500B1221D /* Assets.xcassets in Resources */,
			);
			runOnlyForDeploymentPostprocessing = 0;
		};
/* End PBXResourcesBuildPhase section */

/* Begin PBXSourcesBuildPhase section */
		B46CA69C2BACCDD300B1221D /* Sources */ = {
			isa = PBXSourcesBuildPhase;
			buildActionMask = 2147483647;
			files = (
				B46CA6C62BACDF2B00B1221D /* Constants.swift in Sources */,
				B46CA6A82BACCDD300B1221D /* WeatherViewController.swift in Sources */,
				B46CA6A42BACCDD300B1221D /* AppDelegate.swift in Sources */,
				B46CA6A62BACCDD300B1221D /* SceneDelegate.swift in Sources */,
				B46CA6C02BACCF4900B1221D /* TabBarController.swift in Sources */,
			);
			runOnlyForDeploymentPostprocessing = 0;
		};
/* End PBXSourcesBuildPhase section */

/* Begin PBXVariantGroup section */
		B46CA6AE2BACCDD500B1221D /* LaunchScreen.storyboard */ = {
			isa = PBXVariantGroup;
			children = (
				B46CA6AF2BACCDD500B1221D /* Base */,
			);
			name = LaunchScreen.storyboard;
			sourceTree = "<group>";
		};
/* End PBXVariantGroup section */

/* Begin XCBuildConfiguration section */
		B46CA6B22BACCDD500B1221D /* Debug */ = {
			isa = XCBuildConfiguration;
			buildSettings = {
				ALWAYS_SEARCH_USER_PATHS = NO;
				ASSETCATALOG_COMPILER_GENERATE_SWIFT_ASSET_SYMBOL_EXTENSIONS = YES;
				CLANG_ANALYZER_NONNULL = YES;
				CLANG_ANALYZER_NUMBER_OBJECT_CONVERSION = YES_AGGRESSIVE;
				CLANG_CXX_LANGUAGE_STANDARD = "gnu++20";
				CLANG_ENABLE_MODULES = YES;
				CLANG_ENABLE_OBJC_ARC = YES;
				CLANG_ENABLE_OBJC_WEAK = YES;
				CLANG_WARN_BLOCK_CAPTURE_AUTORELEASING = YES;
				CLANG_WARN_BOOL_CONVERSION = YES;
				CLANG_WARN_COMMA = YES;
				CLANG_WARN_CONSTANT_CONVERSION = YES;
				CLANG_WARN_DEPRECATED_OBJC_IMPLEMENTATIONS = YES;
				CLANG_WARN_DIRECT_OBJC_ISA_USAGE = YES_ERROR;
				CLANG_WARN_DOCUMENTATION_COMMENTS = YES;
				CLANG_WARN_EMPTY_BODY = YES;
				CLANG_WARN_ENUM_CONVERSION = YES;
				CLANG_WARN_INFINITE_RECURSION = YES;
				CLANG_WARN_INT_CONVERSION = YES;
				CLANG_WARN_NON_LITERAL_NULL_CONVERSION = YES;
				CLANG_WARN_OBJC_IMPLICIT_RETAIN_SELF = YES;
				CLANG_WARN_OBJC_LITERAL_CONVERSION = YES;
				CLANG_WARN_OBJC_ROOT_CLASS = YES_ERROR;
				CLANG_WARN_QUOTED_INCLUDE_IN_FRAMEWORK_HEADER = YES;
				CLANG_WARN_RANGE_LOOP_ANALYSIS = YES;
				CLANG_WARN_STRICT_PROTOTYPES = YES;
				CLANG_WARN_SUSPICIOUS_MOVE = YES;
				CLANG_WARN_UNGUARDED_AVAILABILITY = YES_AGGRESSIVE;
				CLANG_WARN_UNREACHABLE_CODE = YES;
				CLANG_WARN__DUPLICATE_METHOD_MATCH = YES;
				COPY_PHASE_STRIP = NO;
				DEBUG_INFORMATION_FORMAT = dwarf;
				ENABLE_STRICT_OBJC_MSGSEND = YES;
				ENABLE_TESTABILITY = YES;
				ENABLE_USER_SCRIPT_SANDBOXING = YES;
				GCC_C_LANGUAGE_STANDARD = gnu17;
				GCC_DYNAMIC_NO_PIC = NO;
				GCC_NO_COMMON_BLOCKS = YES;
				GCC_OPTIMIZATION_LEVEL = 0;
				GCC_PREPROCESSOR_DEFINITIONS = (
					"DEBUG=1",
					"$(inherited)",
				);
				GCC_WARN_64_TO_32_BIT_CONVERSION = YES;
				GCC_WARN_ABOUT_RETURN_TYPE = YES_ERROR;
				GCC_WARN_UNDECLARED_SELECTOR = YES;
				GCC_WARN_UNINITIALIZED_AUTOS = YES_AGGRESSIVE;
				GCC_WARN_UNUSED_FUNCTION = YES;
				GCC_WARN_UNUSED_VARIABLE = YES;
				IPHONEOS_DEPLOYMENT_TARGET = 17.0;
				LOCALIZATION_PREFERS_STRING_CATALOGS = YES;
				MTL_ENABLE_DEBUG_INFO = INCLUDE_SOURCE;
				MTL_FAST_MATH = YES;
				ONLY_ACTIVE_ARCH = YES;
				SDKROOT = iphoneos;
				SWIFT_ACTIVE_COMPILATION_CONDITIONS = "DEBUG $(inherited)";
				SWIFT_OPTIMIZATION_LEVEL = "-Onone";
			};
			name = Debug;
		};
		B46CA6B32BACCDD500B1221D /* Release */ = {
			isa = XCBuildConfiguration;
			buildSettings = {
				ALWAYS_SEARCH_USER_PATHS = NO;
				ASSETCATALOG_COMPILER_GENERATE_SWIFT_ASSET_SYMBOL_EXTENSIONS = YES;
				CLANG_ANALYZER_NONNULL = YES;
				CLANG_ANALYZER_NUMBER_OBJECT_CONVERSION = YES_AGGRESSIVE;
				CLANG_CXX_LANGUAGE_STANDARD = "gnu++20";
				CLANG_ENABLE_MODULES = YES;
				CLANG_ENABLE_OBJC_ARC = YES;
				CLANG_ENABLE_OBJC_WEAK = YES;
				CLANG_WARN_BLOCK_CAPTURE_AUTORELEASING = YES;
				CLANG_WARN_BOOL_CONVERSION = YES;
				CLANG_WARN_COMMA = YES;
				CLANG_WARN_CONSTANT_CONVERSION = YES;
				CLANG_WARN_DEPRECATED_OBJC_IMPLEMENTATIONS = YES;
				CLANG_WARN_DIRECT_OBJC_ISA_USAGE = YES_ERROR;
				CLANG_WARN_DOCUMENTATION_COMMENTS = YES;
				CLANG_WARN_EMPTY_BODY = YES;
				CLANG_WARN_ENUM_CONVERSION = YES;
				CLANG_WARN_INFINITE_RECURSION = YES;
				CLANG_WARN_INT_CONVERSION = YES;
				CLANG_WARN_NON_LITERAL_NULL_CONVERSION = YES;
				CLANG_WARN_OBJC_IMPLICIT_RETAIN_SELF = YES;
				CLANG_WARN_OBJC_LITERAL_CONVERSION = YES;
				CLANG_WARN_OBJC_ROOT_CLASS = YES_ERROR;
				CLANG_WARN_QUOTED_INCLUDE_IN_FRAMEWORK_HEADER = YES;
				CLANG_WARN_RANGE_LOOP_ANALYSIS = YES;
				CLANG_WARN_STRICT_PROTOTYPES = YES;
				CLANG_WARN_SUSPICIOUS_MOVE = YES;
				CLANG_WARN_UNGUARDED_AVAILABILITY = YES_AGGRESSIVE;
				CLANG_WARN_UNREACHABLE_CODE = YES;
				CLANG_WARN__DUPLICATE_METHOD_MATCH = YES;
				COPY_PHASE_STRIP = NO;
				DEBUG_INFORMATION_FORMAT = "dwarf-with-dsym";
				ENABLE_NS_ASSERTIONS = NO;
				ENABLE_STRICT_OBJC_MSGSEND = YES;
				ENABLE_USER_SCRIPT_SANDBOXING = YES;
				GCC_C_LANGUAGE_STANDARD = gnu17;
				GCC_NO_COMMON_BLOCKS = YES;
				GCC_WARN_64_TO_32_BIT_CONVERSION = YES;
				GCC_WARN_ABOUT_RETURN_TYPE = YES_ERROR;
				GCC_WARN_UNDECLARED_SELECTOR = YES;
				GCC_WARN_UNINITIALIZED_AUTOS = YES_AGGRESSIVE;
				GCC_WARN_UNUSED_FUNCTION = YES;
				GCC_WARN_UNUSED_VARIABLE = YES;
				IPHONEOS_DEPLOYMENT_TARGET = 17.0;
				LOCALIZATION_PREFERS_STRING_CATALOGS = YES;
				MTL_ENABLE_DEBUG_INFO = NO;
				MTL_FAST_MATH = YES;
				SDKROOT = iphoneos;
				SWIFT_COMPILATION_MODE = wholemodule;
				VALIDATE_PRODUCT = YES;
			};
			name = Release;
		};
		B46CA6B52BACCDD500B1221D /* Debug */ = {
			isa = XCBuildConfiguration;
			buildSettings = {
				ASSETCATALOG_COMPILER_APPICON_NAME = AppIcon;
				ASSETCATALOG_COMPILER_GLOBAL_ACCENT_COLOR_NAME = AccentColor;
				CODE_SIGN_STYLE = Automatic;
				CURRENT_PROJECT_VERSION = 1;
				DEVELOPMENT_TEAM = TGA6X3S6V7;
				GENERATE_INFOPLIST_FILE = YES;
				INFOPLIST_FILE = WeatherApp/Info.plist;
				INFOPLIST_KEY_NSLocationAlwaysAndWhenInUseUsageDescription = "Дайте разрешение на использование вашей геолокации, чтобы WeatherApp могло предоставить вам точный прогноз погоды для вашего текущего местоположения.";
				INFOPLIST_KEY_NSLocationWhenInUseUsageDescription = "Дайте разрешение на использование вашей геолокации, чтобы WeatherApp могло предоставить вам точный прогноз погоды для вашего текущего местоположения.";
				INFOPLIST_KEY_UIApplicationSupportsIndirectInputEvents = YES;
				INFOPLIST_KEY_UILaunchStoryboardName = LaunchScreen;
				INFOPLIST_KEY_UISupportedInterfaceOrientations_iPad = "UIInterfaceOrientationPortrait UIInterfaceOrientationPortraitUpsideDown UIInterfaceOrientationLandscapeLeft UIInterfaceOrientationLandscapeRight";
				INFOPLIST_KEY_UISupportedInterfaceOrientations_iPhone = "UIInterfaceOrientationPortrait UIInterfaceOrientationLandscapeLeft UIInterfaceOrientationLandscapeRight";
				IPHONEOS_DEPLOYMENT_TARGET = 15.0;
				LD_RUNPATH_SEARCH_PATHS = (
					"$(inherited)",
					"@executable_path/Frameworks",
				);
				MARKETING_VERSION = 1.0;
				PRODUCT_BUNDLE_IDENTIFIER = VkEdTeam.WeatherApp;
				PRODUCT_NAME = "$(TARGET_NAME)";
				SWIFT_EMIT_LOC_STRINGS = YES;
				SWIFT_VERSION = 5.0;
				TARGETED_DEVICE_FAMILY = "1,2";
			};
			name = Debug;
		};
		B46CA6B62BACCDD500B1221D /* Release */ = {
			isa = XCBuildConfiguration;
			buildSettings = {
				ASSETCATALOG_COMPILER_APPICON_NAME = AppIcon;
				ASSETCATALOG_COMPILER_GLOBAL_ACCENT_COLOR_NAME = AccentColor;
				CODE_SIGN_STYLE = Automatic;
				CURRENT_PROJECT_VERSION = 1;
				DEVELOPMENT_TEAM = TGA6X3S6V7;
				GENERATE_INFOPLIST_FILE = YES;
				INFOPLIST_FILE = WeatherApp/Info.plist;
				INFOPLIST_KEY_NSLocationAlwaysAndWhenInUseUsageDescription = "Дайте разрешение на использование вашей геолокации, чтобы WeatherApp могло предоставить вам точный прогноз погоды для вашего текущего местоположения.";
				INFOPLIST_KEY_NSLocationWhenInUseUsageDescription = "Дайте разрешение на использование вашей геолокации, чтобы WeatherApp могло предоставить вам точный прогноз погоды для вашего текущего местоположения.";
				INFOPLIST_KEY_UIApplicationSupportsIndirectInputEvents = YES;
				INFOPLIST_KEY_UILaunchStoryboardName = LaunchScreen;
				INFOPLIST_KEY_UISupportedInterfaceOrientations_iPad = "UIInterfaceOrientationPortrait UIInterfaceOrientationPortraitUpsideDown UIInterfaceOrientationLandscapeLeft UIInterfaceOrientationLandscapeRight";
				INFOPLIST_KEY_UISupportedInterfaceOrientations_iPhone = "UIInterfaceOrientationPortrait UIInterfaceOrientationLandscapeLeft UIInterfaceOrientationLandscapeRight";
				IPHONEOS_DEPLOYMENT_TARGET = 15.0;
				LD_RUNPATH_SEARCH_PATHS = (
					"$(inherited)",
					"@executable_path/Frameworks",
				);
				MARKETING_VERSION = 1.0;
				PRODUCT_BUNDLE_IDENTIFIER = VkEdTeam.WeatherApp;
				PRODUCT_NAME = "$(TARGET_NAME)";
				SWIFT_EMIT_LOC_STRINGS = YES;
				SWIFT_VERSION = 5.0;
				TARGETED_DEVICE_FAMILY = "1,2";
			};
			name = Release;
		};
/* End XCBuildConfiguration section */

/* Begin XCConfigurationList section */
		B46CA69B2BACCDD300B1221D /* Build configuration list for PBXProject "WeatherApp" */ = {
			isa = XCConfigurationList;
			buildConfigurations = (
				B46CA6B22BACCDD500B1221D /* Debug */,
				B46CA6B32BACCDD500B1221D /* Release */,
			);
			defaultConfigurationIsVisible = 0;
			defaultConfigurationName = Release;
		};
		B46CA6B42BACCDD500B1221D /* Build configuration list for PBXNativeTarget "WeatherApp" */ = {
			isa = XCConfigurationList;
			buildConfigurations = (
				B46CA6B52BACCDD500B1221D /* Debug */,
				B46CA6B62BACCDD500B1221D /* Release */,
			);
			defaultConfigurationIsVisible = 0;
			defaultConfigurationName = Release;
		};
/* End XCConfigurationList section */
	};
	rootObject = B46CA6982BACCDD300B1221D /* Project object */;
}
